
Microsoft Visual Studio Solution File, Format Version 12.00
# Visual Studio 2012
Project("{FAE04EC0-301F-11D3-BF4B-00C04F79EFBC}") = "marmosln", "marmosln\marmosln.csproj", "{D8ED440B-4FFA-426D-9928-3D53B6162F2D}"
EndProject
Project("{FAE04EC0-301F-11D3-BF4B-00C04F79EFBC}") = "feat1", "feat1\feat1.csproj", "{65B06B6F-BA28-4977-B51C-8596B6D115C4}"
EndProject
Global
	GlobalSection(SolutionConfigurationPlatforms) = preSolution
		Debug|Any CPU = Debug|Any CPU
		Release|Any CPU = Release|Any CPU
	EndGlobalSection
	GlobalSection(ProjectConfigurationPlatforms) = postSolution
		{D8ED440B-4FFA-426D-9928-3D53B6162F2D}.Debug|Any CPU.ActiveCfg = Debug|Any CPU
		{D8ED440B-4FFA-426D-9928-3D53B6162F2D}.Debug|Any CPU.Build.0 = Debug|Any CPU
		{D8ED440B-4FFA-426D-9928-3D53B6162F2D}.Release|Any CPU.ActiveCfg = Release|Any CPU
		{D8ED440B-4FFA-426D-9928-3D53B6162F2D}.Release|Any CPU.Build.0 = Release|Any CPU
		{65B06B6F-BA28-4977-B51C-8596B6D115C4}.Debug|Any CPU.ActiveCfg = Debug|Any CPU
		{65B06B6F-BA28-4977-B51C-8596B6D115C4}.Debug|Any CPU.Build.0 = Debug|Any CPU
		{65B06B6F-BA28-4977-B51C-8596B6D115C4}.Release|Any CPU.ActiveCfg = Release|Any CPU
		{65B06B6F-BA28-4977-B51C-8596B6D115C4}.Release|Any CPU.Build.0 = Release|Any CPU
	EndGlobalSection
	GlobalSection(SolutionProperties) = preSolution
		HideSolutionNode = FALSE
	EndGlobalSection
EndGlobal
